
Microsoft Visual Studio Solution File, Format Version 12.00
# Visual Studio Version 16
VisualStudioVersion = 16.0.31424.327
MinimumVisualStudioVersion = 10.0.40219.1
Project("{FAE04EC0-301F-11D3-BF4B-00C04F79EFBC}") = "EGTest_Fixed", "EGTest_Fixed\EGTest_Fixed.csproj", "{628D9E25-DDED-4481-98CB-D3713B51AABF}"
EndProject
Global
	GlobalSection(SolutionConfigurationPlatforms) = preSolution
		Debug|Any CPU = Debug|Any CPU
		Release|Any CPU = Release|Any CPU
	EndGlobalSection
	GlobalSection(ProjectConfigurationPlatforms) = postSolution
		{628D9E25-DDED-4481-98CB-D3713B51AABF}.Debug|Any CPU.ActiveCfg = Debug|Any CPU
		{628D9E25-DDED-4481-98CB-D3713B51AABF}.Debug|Any CPU.Build.0 = Debug|Any CPU
		{628D9E25-DDED-4481-98CB-D3713B51AABF}.Release|Any CPU.ActiveCfg = Release|Any CPU
		{628D9E25-DDED-4481-98CB-D3713B51AABF}.Release|Any CPU.Build.0 = Release|Any CPU
	EndGlobalSection
	GlobalSection(SolutionProperties) = preSolution
		HideSolutionNode = FALSE
	EndGlobalSection
	GlobalSection(ExtensibilityGlobals) = postSolution
		SolutionGuid = {2C394635-B24F-42E5-A5D4-CF3D2B542642}
	EndGlobalSection
EndGlobal
